
Microsoft Visual Studio Solution File, Format Version 12.00
# Visual Studio Version 17
VisualStudioVersion = 17.9.34728.123
MinimumVisualStudioVersion = 10.0.40219.1
Project("{FAE04EC0-301F-11D3-BF4B-00C04F79EFBC}") = "IS413 FInal App", "IS413 FInal App\IS413 FInal App.csproj", "{69ACE860-80B7-4B46-9155-95D12A811507}"
EndProject
Global
	GlobalSection(SolutionConfigurationPlatforms) = preSolution
		Debug|Any CPU = Debug|Any CPU
		Release|Any CPU = Release|Any CPU
	EndGlobalSection
	GlobalSection(ProjectConfigurationPlatforms) = postSolution
		{69ACE860-80B7-4B46-9155-95D12A811507}.Debug|Any CPU.ActiveCfg = Debug|Any CPU
		{69ACE860-80B7-4B46-9155-95D12A811507}.Debug|Any CPU.Build.0 = Debug|Any CPU
		{69ACE860-80B7-4B46-9155-95D12A811507}.Release|Any CPU.ActiveCfg = Release|Any CPU
		{69ACE860-80B7-4B46-9155-95D12A811507}.Release|Any CPU.Build.0 = Release|Any CPU
	EndGlobalSection
	GlobalSection(SolutionProperties) = preSolution
		HideSolutionNode = FALSE
	EndGlobalSection
	GlobalSection(ExtensibilityGlobals) = postSolution
		SolutionGuid = {2D1D8669-5311-4997-A887-4A0BE2D998CE}
	EndGlobalSection
EndGlobal
